{
  "originHash" : "2df6280486a953f9a24c0168cd748e29d7eb8ce422bcacebb5e9e2b4367d9654",
  "pins" : [
    {
      "identity" : "grdb.swift",
      "kind" : "remoteSourceControl",
      "location" : "https://github.com/groue/GRDB.swift.git",
      "state" : {
        "revision" : "5ee47c3c2765bdfde0f44c2ea9a263f6aa252d63",
        "version" : "4.14.0"
      }
    }
  ],
  "version" : 3
}
